{
  "version": 4,
  "terraform_version": "0.12.24",
  "serial": 7,
  "lineage": "8296066a-19e9-28a7-c8be-69c8f197e24b",
  "outputs": {},
  "resources": [
    {
      "mode": "managed",
      "type": "aws_instance",
      "name": "cassandra",
      "each": "list",
      "provider": "provider.aws",
      "instances": [
        {
          "index_key": 0,
          "schema_version": 1,
          "attributes": {
            "ami": "ami-09a3d8a7177216dcf",
            "arn": "arn:aws:ec2:us-west-2:672662256592:instance/i-017d313e249896995",
            "associate_public_ip_address": true,
            "availability_zone": "us-west-2a",
            "cpu_core_count": 4,
            "cpu_threads_per_core": 2,
            "credit_specification": [],
            "disable_api_termination": false,
            "ebs_block_device": [],
            "ebs_optimized": false,
            "ephemeral_block_device": [],
            "get_password_data": false,
            "hibernation": false,
            "host_id": null,
            "iam_instance_profile": "",
            "id": "i-017d313e249896995",
            "instance_initiated_shutdown_behavior": null,
            "instance_state": "running",
            "instance_type": "r3.2xlarge",
            "ipv6_address_count": 0,
            "ipv6_addresses": [],
            "key_name": "easy-cass-lab-5f7910de-7068-43e2-b15c-a2ac2b369ca7",
            "metadata_options": [
              {
                "http_endpoint": "enabled",
                "http_put_response_hop_limit": 1,
                "http_tokens": "optional"
              }
            ],
            "monitoring": false,
            "network_interface": [],
            "network_interface_id": null,
            "password_data": "",
            "placement_group": "",
            "primary_network_interface_id": "",
            "private_dns": "ip-10-40-179-23.us-west-2.compute.internal",
            "private_ip": "10.40.179.23",
            "public_dns": "ec2-54-202-119-102.us-west-2.compute.amazonaws.com",
            "public_ip": "54.202.119.102",
            "root_block_device": [
              {
                "delete_on_termination": true,
                "encrypted": false,
                "iops": 100,
                "kms_key_id": "",
                "volume_id": "vol-0e8737bc88ab950b1",
                "volume_size": 8,
                "volume_type": "gp2"
              }
            ],
            "security_groups": [
              "test_TlpClusterSG_1587067898"
            ],
            "source_dest_check": true,
            "subnet_id": "",
            "tags": {
              "Name": "test_cassandra",
              "client": "test",
              "email": "test@test.com",
              "purpose": "test",
              "ticket": "test"
            },
            "tenancy": "default",
            "timeouts": null,
            "user_data": null,
            "user_data_base64": null,
            "volume_tags": {},
            "vpc_security_group_ids": []
          },
          "private": "eyJlMmJmYjczMC1lY2FhLTExZTYtOGY4OC0zNDM2M2JjN2M0YzAiOnsiY3JlYXRlIjo2MDAwMDAwMDAwMDAsImRlbGV0ZSI6MTIwMDAwMDAwMDAwMCwidXBkYXRlIjo2MDAwMDAwMDAwMDB9LCJzY2hlbWFfdmVyc2lvbiI6IjEifQ=="
        },
        {
          "index_key": 1,
          "schema_version": 1,
          "attributes": {
            "ami": "ami-09a3d8a7177216dcf",
            "arn": "arn:aws:ec2:us-west-2:672662256592:instance/i-0295aca016e4b817a",
            "associate_public_ip_address": true,
            "availability_zone": "us-west-2b",
            "cpu_core_count": 4,
            "cpu_threads_per_core": 2,
            "credit_specification": [],
            "disable_api_termination": false,
            "ebs_block_device": [],
            "ebs_optimized": false,
            "ephemeral_block_device": [],
            "get_password_data": false,
            "hibernation": false,
            "host_id": null,
            "iam_instance_profile": "",
            "id": "i-0295aca016e4b817a",
            "instance_initiated_shutdown_behavior": null,
            "instance_state": "running",
            "instance_type": "r3.2xlarge",
            "ipv6_address_count": 0,
            "ipv6_addresses": [],
            "key_name": "easy-cass-lab-5f7910de-7068-43e2-b15c-a2ac2b369ca7",
            "metadata_options": [
              {
                "http_endpoint": "enabled",
                "http_put_response_hop_limit": 1,
                "http_tokens": "optional"
              }
            ],
            "monitoring": false,
            "network_interface": [],
            "network_interface_id": null,
            "password_data": "",
            "placement_group": "",
            "primary_network_interface_id": "",
            "private_dns": "ip-10-42-3-107.us-west-2.compute.internal",
            "private_ip": "10.42.3.107",
            "public_dns": "ec2-34-219-242-113.us-west-2.compute.amazonaws.com",
            "public_ip": "34.219.242.113",
            "root_block_device": [
              {
                "delete_on_termination": true,
                "encrypted": false,
                "iops": 100,
                "kms_key_id": "",
                "volume_id": "vol-0d339d8d81a9fc1a8",
                "volume_size": 8,
                "volume_type": "gp2"
              }
            ],
            "security_groups": [
              "test_TlpClusterSG_1587067898"
            ],
            "source_dest_check": true,
            "subnet_id": "",
            "tags": {
              "Name": "test_cassandra",
              "client": "test",
              "email": "test@test.com",
              "purpose": "test",
              "ticket": "test"
            },
            "tenancy": "default",
            "timeouts": null,
            "user_data": null,
            "user_data_base64": null,
            "volume_tags": {},
            "vpc_security_group_ids": []
          },
          "private": "eyJlMmJmYjczMC1lY2FhLTExZTYtOGY4OC0zNDM2M2JjN2M0YzAiOnsiY3JlYXRlIjo2MDAwMDAwMDAwMDAsImRlbGV0ZSI6MTIwMDAwMDAwMDAwMCwidXBkYXRlIjo2MDAwMDAwMDAwMDB9LCJzY2hlbWFfdmVyc2lvbiI6IjEifQ=="
        },
        {
          "index_key": 2,
          "schema_version": 1,
          "attributes": {
            "ami": "ami-09a3d8a7177216dcf",
            "arn": "arn:aws:ec2:us-west-2:672662256592:instance/i-056b1dc8a21e542e4",
            "associate_public_ip_address": true,
            "availability_zone": "us-west-2c",
            "cpu_core_count": 4,
            "cpu_threads_per_core": 2,
            "credit_specification": [],
            "disable_api_termination": false,
            "ebs_block_device": [],
            "ebs_optimized": false,
            "ephemeral_block_device": [],
            "get_password_data": false,
            "hibernation": false,
            "host_id": null,
            "iam_instance_profile": "",
            "id": "i-056b1dc8a21e542e4",
            "instance_initiated_shutdown_behavior": null,
            "instance_state": "running",
            "instance_type": "r3.2xlarge",
            "ipv6_address_count": 0,
            "ipv6_addresses": [],
            "key_name": "easy-cass-lab-5f7910de-7068-43e2-b15c-a2ac2b369ca7",
            "metadata_options": [
              {
                "http_endpoint": "enabled",
                "http_put_response_hop_limit": 1,
                "http_tokens": "optional"
              }
            ],
            "monitoring": false,
            "network_interface": [],
            "network_interface_id": null,
            "password_data": "",
            "placement_group": "",
            "primary_network_interface_id": "",
            "private_dns": "ip-10-89-138-184.us-west-2.compute.internal",
            "private_ip": "10.89.138.184",
            "public_dns": "ec2-54-187-174-233.us-west-2.compute.amazonaws.com",
            "public_ip": "54.187.174.233",
            "root_block_device": [
              {
                "delete_on_termination": true,
                "encrypted": false,
                "iops": 100,
                "kms_key_id": "",
                "volume_id": "vol-00a1e2e201ce73f0d",
                "volume_size": 8,
                "volume_type": "gp2"
              }
            ],
            "security_groups": [
              "test_TlpClusterSG_1587067898"
            ],
            "source_dest_check": true,
            "subnet_id": "",
            "tags": {
              "Name": "test_cassandra",
              "client": "test",
              "email": "test@test.com",
              "purpose": "test",
              "ticket": "test"
            },
            "tenancy": "default",
            "timeouts": null,
            "user_data": null,
            "user_data_base64": null,
            "volume_tags": {},
            "vpc_security_group_ids": []
          },
          "private": "eyJlMmJmYjczMC1lY2FhLTExZTYtOGY4OC0zNDM2M2JjN2M0YzAiOnsiY3JlYXRlIjo2MDAwMDAwMDAwMDAsImRlbGV0ZSI6MTIwMDAwMDAwMDAwMCwidXBkYXRlIjo2MDAwMDAwMDAwMDB9LCJzY2hlbWFfdmVyc2lvbiI6IjEifQ=="
        }
      ]
    },
    {
      "mode": "managed",
      "type": "aws_instance",
      "name": "monitoring",
      "each": "list",
      "provider": "provider.aws",
      "instances": [
        {
          "index_key": 0,
          "schema_version": 1,
          "attributes": {
            "ami": "ami-09a3d8a7177216dcf",
            "arn": "arn:aws:ec2:us-west-2:672662256592:instance/i-082cb95db332c1949",
            "associate_public_ip_address": true,
            "availability_zone": "us-west-2a",
            "cpu_core_count": 4,
            "cpu_threads_per_core": 2,
            "credit_specification": [],
            "disable_api_termination": false,
            "ebs_block_device": [],
            "ebs_optimized": false,
            "ephemeral_block_device": [],
            "get_password_data": false,
            "hibernation": false,
            "host_id": null,
            "iam_instance_profile": "",
            "id": "i-082cb95db332c1949",
            "instance_initiated_shutdown_behavior": null,
            "instance_state": "running",
            "instance_type": "c3.2xlarge",
            "ipv6_address_count": 0,
            "ipv6_addresses": [],
            "key_name": "easy-cass-lab-5f7910de-7068-43e2-b15c-a2ac2b369ca7",
            "metadata_options": [
              {
                "http_endpoint": "enabled",
                "http_put_response_hop_limit": 1,
                "http_tokens": "optional"
              }
            ],
            "monitoring": false,
            "network_interface": [],
            "network_interface_id": null,
            "password_data": "",
            "placement_group": "",
            "primary_network_interface_id": "",
            "private_dns": "ip-10-217-198-210.us-west-2.compute.internal",
            "private_ip": "10.217.198.210",
            "public_dns": "ec2-54-218-69-48.us-west-2.compute.amazonaws.com",
            "public_ip": "54.218.69.48",
            "root_block_device": [
              {
                "delete_on_termination": true,
                "encrypted": false,
                "iops": 100,
                "kms_key_id": "",
                "volume_id": "vol-05a71ff98f4f89a33",
                "volume_size": 8,
                "volume_type": "gp2"
              }
            ],
            "security_groups": [
              "test_TlpClusterSG_1587067898"
            ],
            "source_dest_check": true,
            "subnet_id": "",
            "tags": {
              "Name": "test_monitoring",
              "client": "test",
              "email": "test@test.com",
              "purpose": "test",
              "ticket": "test"
            },
            "tenancy": "default",
            "timeouts": null,
            "user_data": null,
            "user_data_base64": null,
            "volume_tags": {},
            "vpc_security_group_ids": []
          },
          "private": "eyJlMmJmYjczMC1lY2FhLTExZTYtOGY4OC0zNDM2M2JjN2M0YzAiOnsiY3JlYXRlIjo2MDAwMDAwMDAwMDAsImRlbGV0ZSI6MTIwMDAwMDAwMDAwMCwidXBkYXRlIjo2MDAwMDAwMDAwMDB9LCJzY2hlbWFfdmVyc2lvbiI6IjEifQ=="
        }
      ]
    },
    {
      "mode": "managed",
      "type": "aws_instance",
      "name": "stress",
      "each": "list",
      "provider": "provider.aws",
      "instances": [
        {
          "index_key": 0,
          "schema_version": 1,
          "attributes": {
            "ami": "ami-09a3d8a7177216dcf",
            "arn": "arn:aws:ec2:us-west-2:672662256592:instance/i-001e8abba1e38a829",
            "associate_public_ip_address": true,
            "availability_zone": "us-west-2a",
            "cpu_core_count": 4,
            "cpu_threads_per_core": 2,
            "credit_specification": [],
            "disable_api_termination": false,
            "ebs_block_device": [],
            "ebs_optimized": false,
            "ephemeral_block_device": [],
            "get_password_data": false,
            "hibernation": false,
            "host_id": null,
            "iam_instance_profile": "",
            "id": "i-001e8abba1e38a829",
            "instance_initiated_shutdown_behavior": null,
            "instance_state": "running",
            "instance_type": "c3.2xlarge",
            "ipv6_address_count": 0,
            "ipv6_addresses": [],
            "key_name": "easy-cass-lab-5f7910de-7068-43e2-b15c-a2ac2b369ca7",
            "metadata_options": [
              {
                "http_endpoint": "enabled",
                "http_put_response_hop_limit": 1,
                "http_tokens": "optional"
              }
            ],
            "monitoring": false,
            "network_interface": [],
            "network_interface_id": null,
            "password_data": "",
            "placement_group": "",
            "primary_network_interface_id": "",
            "private_dns": "ip-10-18-114-252.us-west-2.compute.internal",
            "private_ip": "10.18.114.252",
            "public_dns": "ec2-52-35-149-12.us-west-2.compute.amazonaws.com",
            "public_ip": "52.35.149.12",
            "root_block_device": [
              {
                "delete_on_termination": true,
                "encrypted": false,
                "iops": 100,
                "kms_key_id": "",
                "volume_id": "vol-0d73ab04c7e917887",
                "volume_size": 8,
                "volume_type": "gp2"
              }
            ],
            "security_groups": [
              "test_TlpClusterSG_1587067898"
            ],
            "source_dest_check": true,
            "subnet_id": "",
            "tags": {
              "Name": "test_stress",
              "client": "test",
              "email": "test@test.com",
              "purpose": "test",
              "ticket": "test"
            },
            "tenancy": "default",
            "timeouts": null,
            "user_data": null,
            "user_data_base64": null,
            "volume_tags": {},
            "vpc_security_group_ids": []
          },
          "private": "eyJlMmJmYjczMC1lY2FhLTExZTYtOGY4OC0zNDM2M2JjN2M0YzAiOnsiY3JlYXRlIjo2MDAwMDAwMDAwMDAsImRlbGV0ZSI6MTIwMDAwMDAwMDAwMCwidXBkYXRlIjo2MDAwMDAwMDAwMDB9LCJzY2hlbWFfdmVyc2lvbiI6IjEifQ=="
        }
      ]
    },
    {
      "mode": "managed",
      "type": "aws_security_group",
      "name": "test_TlpClusterSG_1587067898",
      "provider": "provider.aws",
      "instances": [
        {
          "schema_version": 1,
          "attributes": {
            "arn": "arn:aws:ec2:us-west-2:672662256592:security-group/sg-02a2e232e011994a3",
            "description": "easy-cass-lab test security group",
            "egress": [],
            "id": "sg-02a2e232e011994a3",
            "ingress": [
              {
                "cidr_blocks": [
                  "47.144.132.233/32"
                ],
                "description": "Grafana GUI",
                "from_port": 3000,
                "ipv6_cidr_blocks": [],
                "prefix_list_ids": [],
                "protocol": "tcp",
                "security_groups": [],
                "self": false,
                "to_port": 3000
              },
              {
                "cidr_blocks": [
                  "47.144.132.233/32"
                ],
                "description": "Prometheus GUI",
                "from_port": 9090,
                "ipv6_cidr_blocks": [],
                "prefix_list_ids": [],
                "protocol": "tcp",
                "security_groups": [],
                "self": false,
                "to_port": 9090
              },
              {
                "cidr_blocks": [
                  "47.144.132.233/32"
                ],
                "description": "Reaper GUI",
                "from_port": 8080,
                "ipv6_cidr_blocks": [],
                "prefix_list_ids": [],
                "protocol": "tcp",
                "security_groups": [],
                "self": false,
                "to_port": 8080
              },
              {
                "cidr_blocks": [
                  "47.144.132.233/32"
                ],
                "description": "SSH",
                "from_port": 22,
                "ipv6_cidr_blocks": [],
                "prefix_list_ids": [],
                "protocol": "tcp",
                "security_groups": [],
                "self": false,
                "to_port": 22
              },
              {
                "cidr_blocks": [],
                "description": "Intra node",
                "from_port": 0,
                "ipv6_cidr_blocks": [],
                "prefix_list_ids": [],
                "protocol": "tcp",
                "security_groups": [],
                "self": true,
                "to_port": 65535
              }
            ],
            "name": "test_TlpClusterSG_1587067898",
            "name_prefix": null,
            "owner_id": "672662256592",
            "revoke_rules_on_delete": false,
            "tags": {
              "client": "test",
              "email": "test@test.com",
              "purpose": "test",
              "ticket": "test"
            },
            "timeouts": null,
            "vpc_id": ""
          },
          "private": "eyJlMmJmYjczMC1lY2FhLTExZTYtOGY4OC0zNDM2M2JjN2M0YzAiOnsiY3JlYXRlIjo2MDAwMDAwMDAwMDAsImRlbGV0ZSI6NjAwMDAwMDAwMDAwfSwic2NoZW1hX3ZlcnNpb24iOiIxIn0="
        }
      ]
    }
  ]
}
