{
    "version": 3,
    "terraform_version": "0.11.11",
    "serial": 5,
    "lineage": "d3fe96c6-03b2-da31-16f1-9c8bf6951483",
    "modules": [
        {
            "path": [
                "root"
            ],
            "outputs": {},
            "resources": {
                "aws_instance.cassandra": {
                    "type": "aws_instance",
                    "depends_on": [],
                    "primary": {
                        "id": "i-0c65b8aa01e3e39e9",
                        "attributes": {
                            "ami": "ami-51537029",
                            "arn": "arn:aws:ec2:us-west-2:581440776211:instance/i-0c65b8aa01e3e39e9",
                            "associate_public_ip_address": "true",
                            "availability_zone": "us-west-2b",
                            "cpu_core_count": "4",
                            "cpu_threads_per_core": "2",
                            "credit_specification.#": "1",
                            "credit_specification.0.cpu_credits": "standard",
                            "disable_api_termination": "false",
                            "ebs_block_device.#": "0",
                            "ebs_optimized": "false",
                            "ephemeral_block_device.#": "0",
                            "get_password_data": "false",
                            "iam_instance_profile": "",
                            "id": "i-0c65b8aa01e3e39e9",
                            "instance_state": "running",
                            "instance_type": "c5d.2xlarge",
                            "ipv6_addresses.#": "0",
                            "key_name": "haddad",
                            "monitoring": "false",
                            "network_interface.#": "0",
                            "network_interface_id": "eni-0270edba659efd3c2",
                            "password_data": "",
                            "placement_group": "",
                            "primary_network_interface_id": "eni-0270edba659efd3c2",
                            "private_dns": "ip-172-31-16-86.us-west-2.compute.internal",
                            "private_ip": "172.31.16.86",
                            "public_dns": "ec2-34-219-248-184.us-west-2.compute.amazonaws.com",
                            "public_ip": "34.219.248.184",
                            "root_block_device.#": "1",
                            "root_block_device.0.delete_on_termination": "true",
                            "root_block_device.0.iops": "100",
                            "root_block_device.0.volume_id": "vol-080cad40c2227567a",
                            "root_block_device.0.volume_size": "8",
                            "root_block_device.0.volume_type": "gp2",
                            "security_groups.#": "1",
                            "security_groups.1016368742": "haddad",
                            "source_dest_check": "true",
                            "subnet_id": "subnet-f64f989d",
                            "tags.%": "4",
                            "tags.Name": " PS-1",
                            "tags.client": "PDFSolutions",
                            "tags.purpose": "test-fio",
                            "tags.ticket": "PS-1",
                            "tenancy": "default",
                            "volume_tags.%": "0",
                            "vpc_security_group_ids.#": "1",
                            "vpc_security_group_ids.2109735321": "sg-3fe52444"
                        },
                        "meta": {
                            "e2bfb730-ecaa-11e6-8f88-34363bc7c4c0": {
                                "create": 600000000000,
                                "delete": 1200000000000,
                                "update": 600000000000
                            },
                            "schema_version": "1"
                        },
                        "tainted": false
                    },
                    "deposed": [],
                    "provider": "provider.aws"
                }
            },
            "depends_on": []
        }
    ]
}
